<?xml version="1.0" encoding="utf-8"?>
<Project ToolsVersion="4.0" xmlns="http://schemas.microsoft.com/developer/msbuild/2003">
  <ItemGroup>
    <Filter Include="Source Files">
      <UniqueIdentifier>{4FC737F1-C7A5-4376-A066-2A32D752A2FF}</UniqueIdentifier>
      <Extensions>cpp;c;cc;cxx;def;odl;idl;hpj;bat;asm;asmx</Extensions>
    </Filter>
    <Filter Include="Header Files">
      <UniqueIdentifier>{93995380-89BD-4b04-88EB-625FBE52EBFB}</UniqueIdentifier>
      <Extensions>h;hpp;hxx;hm;inl;inc;xsd</Extensions>
    </Filter>
    <Filter Include="Resource Files">
      <UniqueIdentifier>{67DA6AB6-F800-4c08-8B7A-83BB121AAD01}</UniqueIdentifier>
      <Extensions>rc;ico;cur;bmp;dlg;rc2;rct;bin;rgs;gif;jpg;jpeg;jpe;resx;tiff;tif;png;wav</Extensions>
    </Filter>
    <Filter Include="WSXML">
      <UniqueIdentifier>{0afb1feb-037e-446b-8beb-a90a15b6da80}</UniqueIdentifier>
      <Extensions>xml;XML</Extensions>
    </Filter>
  </ItemGroup>
  <ItemGroup>
    <ClCompile Include="grafos.cpp">
      <Filter>Source Files</Filter>
    </ClCompile>
    <ClCompile Include="lapr5.cpp">
      <Filter>Source Files</Filter>
    </ClCompile>
    <ClCompile Include="mdlviewer.cpp">
      <Filter>Source Files</Filter>
    </ClCompile>
    <ClCompile Include="readjpeg.c">
      <Filter>Source Files</Filter>
    </ClCompile>
    <ClCompile Include="studio_render.cpp">
      <Filter>Source Files</Filter>
    </ClCompile>
    <ClCompile Include="studio_utils.cpp">
      <Filter>Source Files</Filter>
    </ClCompile>
    <ClCompile Include="math.cpp">
      <Filter>Source Files</Filter>
    </ClCompile>
    <ClCompile Include="skybox.cpp">
      <Filter>Source Files</Filter>
    </ClCompile>
    <ClCompile Include="Textures.cpp">
      <Filter>Source Files</Filter>
    </ClCompile>
    <ClCompile Include="stdafx.cpp">
      <Filter>Source Files</Filter>
    </ClCompile>
    <ClCompile Include="includes\INT386W.CPP">
      <Filter>Source Files</Filter>
    </ClCompile>
    <ClCompile Include="No.cpp">
      <Filter>Source Files</Filter>
    </ClCompile>
    <ClCompile Include="Arco.cpp">
      <Filter>Source Files</Filter>
    </ClCompile>
    <ClCompile Include="Grafo.cpp">
      <Filter>Source Files</Filter>
    </ClCompile>
    <ClCompile Include="Desenho.cpp">
      <Filter>Source Files</Filter>
    </ClCompile>
    <ClCompile Include="webservices\soapC.cpp">
      <Filter>Source Files</Filter>
    </ClCompile>
    <ClCompile Include="webservices\soapWsApiSoap12Proxy.cpp">
      <Filter>Source Files</Filter>
    </ClCompile>
    <ClCompile Include="webservices\soapWsApiSoapProxy.cpp">
      <Filter>Source Files</Filter>
    </ClCompile>
    <ClCompile Include="webservices\stdsoap2.cpp">
      <Filter>Source Files</Filter>
    </ClCompile>
    <ClCompile Include="cargo.cpp">
      <Filter>Source Files</Filter>
    </ClCompile>
    <ClCompile Include="menu.cpp">
      <Filter>Source Files</Filter>
    </ClCompile>
    <ClCompile Include="Parser.cpp">
      <Filter>Source Files</Filter>
    </ClCompile>
    <ClCompile Include="Utilities.cpp">
      <Filter>Source Files</Filter>
    </ClCompile>
    <ClCompile Include="Relogio.cpp">
      <Filter>Source Files</Filter>
    </ClCompile>
    <ClCompile Include="Restricao.cpp">
      <Filter>Source Files</Filter>
    </ClCompile>
    <ClCompile Include="Veiculo.cpp">
      <Filter>Source Files</Filter>
    </ClCompile>
    <ClCompile Include="CondicoesAtmosfericas.cpp">
      <Filter>Source Files</Filter>
    </ClCompile>
    <ClCompile Include="Encomenda.cpp">
      <Filter>Source Files</Filter>
    </ClCompile>
    <ClCompile Include="Jogo.cpp">
      <Filter>Source Files</Filter>
    </ClCompile>
    <ClCompile Include="Website.cpp">
      <Filter>Source Files</Filter>
    </ClCompile>
    <ClCompile Include="Model_3DS.cpp">
      <Filter>Source Files</Filter>
    </ClCompile>
    <ClCompile Include="Tetromino.cpp">
      <Filter>Source Files</Filter>
    </ClCompile>
    <ClCompile Include="Cubo.cpp">
      <Filter>Source Files</Filter>
    </ClCompile>
    <ClCompile Include="GLTexture.cpp">
      <Filter>Source Files</Filter>
    </ClCompile>
    <ClCompile Include="Ai.cpp">
      <Filter>Source Files</Filter>
    </ClCompile>
  </ItemGroup>
  <ItemGroup>
    <ClInclude Include="grafos.h">
      <Filter>Header Files</Filter>
    </ClInclude>
    <ClInclude Include="jconfig.h">
      <Filter>Header Files</Filter>
    </ClInclude>
    <ClInclude Include="jmorecfg.h">
      <Filter>Header Files</Filter>
    </ClInclude>
    <ClInclude Include="jpeglib.h">
      <Filter>Header Files</Filter>
    </ClInclude>
    <ClInclude Include="mdlviewer.h">
      <Filter>Header Files</Filter>
    </ClInclude>
    <ClInclude Include="studio.h">
      <Filter>Header Files</Filter>
    </ClInclude>
    <ClInclude Include="mathlib.h">
      <Filter>Header Files</Filter>
    </ClInclude>
    <ClInclude Include="skybox.h">
      <Filter>Header Files</Filter>
    </ClInclude>
    <ClInclude Include="Textures.h">
      <Filter>Header Files</Filter>
    </ClInclude>
    <ClInclude Include="stdafx.h">
      <Filter>Header Files</Filter>
    </ClInclude>
    <ClInclude Include="targetver.h">
      <Filter>Header Files</Filter>
    </ClInclude>
    <ClInclude Include="includes\INT386W.HPP">
      <Filter>Header Files</Filter>
    </ClInclude>
    <ClInclude Include="No.h">
      <Filter>Header Files</Filter>
    </ClInclude>
    <ClInclude Include="Arco.h">
      <Filter>Header Files</Filter>
    </ClInclude>
    <ClInclude Include="Grafo.h">
      <Filter>Header Files</Filter>
    </ClInclude>
    <ClInclude Include="Desenho.h">
      <Filter>Header Files</Filter>
    </ClInclude>
    <ClInclude Include="webservices\soapH.h">
      <Filter>Header Files</Filter>
    </ClInclude>
    <ClInclude Include="webservices\soapStub.h">
      <Filter>Header Files</Filter>
    </ClInclude>
    <ClInclude Include="webservices\soapWsApiSoap12Proxy.h">
      <Filter>Header Files</Filter>
    </ClInclude>
    <ClInclude Include="webservices\soapWsApiSoapProxy.h">
      <Filter>Header Files</Filter>
    </ClInclude>
    <ClInclude Include="webservices\stdsoap2.h">
      <Filter>Header Files</Filter>
    </ClInclude>
    <ClInclude Include="cargo.h">
      <Filter>Header Files</Filter>
    </ClInclude>
    <ClInclude Include="menu.h">
      <Filter>Header Files</Filter>
    </ClInclude>
    <ClInclude Include="Parser.h">
      <Filter>Header Files</Filter>
    </ClInclude>
    <ClInclude Include="Utilities.h">
      <Filter>Header Files</Filter>
    </ClInclude>
    <ClInclude Include="Relogio.h">
      <Filter>Header Files</Filter>
    </ClInclude>
    <ClInclude Include="Veiculo.h">
      <Filter>Header Files</Filter>
    </ClInclude>
    <ClInclude Include="CondicoesAtmosfericas.h">
      <Filter>Header Files</Filter>
    </ClInclude>
    <ClInclude Include="Encomenda.h">
      <Filter>Header Files</Filter>
    </ClInclude>
    <ClInclude Include="Restricao.h">
      <Filter>Header Files</Filter>
    </ClInclude>
    <ClInclude Include="Jogo.h">
      <Filter>Header Files</Filter>
    </ClInclude>
    <ClInclude Include="Website.h">
      <Filter>Header Files</Filter>
    </ClInclude>
    <ClInclude Include="Model_3DS.h">
      <Filter>Header Files</Filter>
    </ClInclude>
    <ClInclude Include="Tetromino.h">
      <Filter>Header Files</Filter>
    </ClInclude>
    <ClInclude Include="Cubo.h">
      <Filter>Header Files</Filter>
    </ClInclude>
    <ClInclude Include="GLTexture.h">
      <Filter>Header Files</Filter>
    </ClInclude>
    <ClInclude Include="Bean.h">
      <Filter>Header Files</Filter>
    </ClInclude>
    <ClInclude Include="Ai.h">
      <Filter>Header Files</Filter>
    </ClInclude>
  </ItemGroup>
  <ItemGroup>
    <Library Include="libjpeg.lib" />
    <Library Include="lib\INT386W.LIB" />
  </ItemGroup>
  <ItemGroup>
    <None Include="images\pavement-road.jpg">
      <Filter>Resource Files</Filter>
    </None>
    <None Include="images\pavement-sone.jpg">
      <Filter>Resource Files</Filter>
    </None>
    <None Include="images\pavement-street.jpg">
      <Filter>Resource Files</Filter>
    </None>
    <None Include="INT386W.DLL" />
    <None Include="INT386W.SYS" />
    <None Include="INT386W.OVL" />
    <None Include="webservices\WsApiSoap12.setResultados.res.xml">
      <Filter>WSXML</Filter>
    </None>
    <None Include="webservices\WsApiSoap.getTorneio.req.xml">
      <Filter>WSXML</Filter>
    </None>
    <None Include="webservices\WsApiSoap.getTorneio.res.xml">
      <Filter>WSXML</Filter>
    </None>
    <None Include="webservices\WsApiSoap.login.req.xml">
      <Filter>WSXML</Filter>
    </None>
    <None Include="webservices\WsApiSoap.login.res.xml">
      <Filter>WSXML</Filter>
    </None>
    <None Include="webservices\WsApiSoap.nsmap" />
    <None Include="webservices\WsApiSoap.setResultados.req.xml">
      <Filter>WSXML</Filter>
    </None>
    <None Include="webservices\WsApiSoap.setResultados.res.xml">
      <Filter>WSXML</Filter>
    </None>
    <None Include="webservices\WsApiSoap12.getTorneio.req.xml">
      <Filter>WSXML</Filter>
    </None>
    <None Include="webservices\WsApiSoap12.getTorneio.res.xml">
      <Filter>WSXML</Filter>
    </None>
    <None Include="webservices\WsApiSoap12.login.req.xml">
      <Filter>WSXML</Filter>
    </None>
    <None Include="webservices\WsApiSoap12.login.res.xml">
      <Filter>WSXML</Filter>
    </None>
    <None Include="webservices\WsApiSoap12.nsmap" />
    <None Include="webservices\WsApiSoap12.setResultados.req.xml">
      <Filter>WSXML</Filter>
    </None>
  </ItemGroup>
</Project>